github.com/bwmarrin/discordgo v0.28.1 h1:gXsuo2GBO7NbR6uqmrrBDplPUx2T3nzu775q/Rd1aG4=
github.com/bwmarrin/discordgo v0.28.1/go.mod h1:NJZpH+1AfhIcyQsPeuBKsUtYrRnjkyu0kIVMCHkZtRY=
github.com/davecgh/go-spew v1.1.1 h1:vj9j/u1bqnvCEfJOwUhtlOARqs3+rkHYY13jYWTU97c=
github.com/davecgh/go-spew v1.1.1/go.mod h1:J7Y8YcW2NihsgmVo/mv3lAwl/skON4iLHjSsI+c5H38=
github.com/disgoorg/disgolink/v4 v4.0.0-20250425182408-ae3768bebd01 h1:mvorjiLN/GRIY7u+2ZtyxaEDmb1mH7cM7q5ZWQ9xJ+g=
github.com/disgoorg/disgolink/v4 v4.0.0-20250425182408-ae3768bebd01/go.mod h1:x46rjrJgsFZyCNGSv4VrRoQO7m1tN/qFDVuVzysS184=
github.com/disgoorg/json/v2 v2.0.0 h1:U16yy/ARK7/aEpzjjqK1b/KaqqGHozUdeVw/DViEzQI=
github.com/disgoorg/json/v2 v2.0.0/go.mod h1:jZTBC0nIE1WeetSEI3/Dka8g+qglb4FPVmp5I5HpEfI=
github.com/disgoorg/log v1.2.1 h1:kZYAWkUBcGy4LbZcgYtgYu49xNVLy+xG5Uq3yz5VVQs=
github.com/disgoorg/log v1.2.1/go.mod h1:hhQWYTFTnIGzAuFPZyXJEi11IBm9wq+/TVZt/FEwX0o=
github.com/disgoorg/omit v1.0.0 h1:y0LkVUOyUHT8ZlnhIAeOZEA22UYykeysK8bLJ0SfT78=
github.com/disgoorg/omit v1.0.0/go.mod h1:RTmSARkf6PWT/UckwI0bV8XgWkWQoPppaT01rYKLcFQ=
github.com/disgoorg/snowflake/v2 v2.0.3 h1:3B+PpFjr7j4ad7oeJu4RlQ+nYOTadsKapJIzgvSI2Ro=
github.com/disgoorg/snowflake/v2 v2.0.3/go.mod h1:W6r7NUA7DwfZLwr00km6G4UnZ0zcoLBRufhkFWgAc4c=
github.com/gorilla/websocket v1.4.2/go.mod h1:YR8l580nyteQvAITg2hZ9XVh4b55+EU/adAjf1fMHhE=
github.com/gorilla/websocket v1.5.3 h1:saDtZ6Pbx/0u+bgYQ3q96pZgCzfhKXGPqt7kZ72aNNg=
github.com/gorilla/websocket v1.5.3/go.mod h1:YR8l580nyteQvAITg2hZ9XVh4b55+EU/adAjf1fMHhE=
github.com/pmezard/go-difflib v1.0.0 h1:4DBwDE0NGyQoBHbLQYPwSUPoCMWR5BEzIk/f1lZbAQM=
github.com/pmezard/go-difflib v1.0.0/go.mod h1:iKH77koFhYxTK1pcRnkKkqfTogsbg7gZNVY4sRDYZ/4=
github.com/stretchr/testify v1.10.0 h1:Xv5erBjTwe/5IxqUQTdXv5kgmIvbHo3QQyRwhJsOfJA=
github.com/stretchr/testify v1.10.0/go.mod h1:r2ic/lqez/lEtzL7wO/rwa5dbSLXVDPFyf8C91i36aY=
golang.org/x/crypto v0.0.0-20210421170649-83a5a9bb288b/go.mod h1:T9bdIzuCu7OtxOm1hfPfRQxPLYneinmdGuTeoZ9dtd4=
golang.org/x/crypto v0.37.0 h1:kJNSjF/Xp7kU0iB2Z+9viTPMW4EqqsrywMXLJOOsXSE=
golang.org/x/crypto v0.37.0/go.mod h1:vg+k43peMZ0pUMhYmVAWysMK35e6ioLh3wB8ZCAfbVc=
golang.org/x/net v0.0.0-20210226172049-e18ecbb05110/go.mod h1:m0MpNAwzfU5UDzcl9v0D8zg8gWTRqZa9RBIspLL5mdg=
golang.org/x/sys v0.0.0-20201119102817-f84b799fce68/go.mod h1:h1NjWce9XRLGQEsW7wpKNCjG9DtNlClVuFLEZdDNbEs=
golang.org/x/sys v0.32.0 h1:s77OFDvIQeibCmezSnk/q6iAfkdiQaJi4VzroCFrN20=
golang.org/x/sys v0.32.0/go.mod h1:BJP2sWEmIv4KK5OTEluFJCKSidICx8ciO85XgH3Ak8k=
golang.org/x/term v0.0.0-20201126162022-7de9c90e9dd1/go.mod h1:bj7SfCRtBDWHUb9snDiAeCFNEtKQo2Wmx5Cou7ajbmo=
golang.org/x/text v0.3.3/go.mod h1:5Zoc/QRtKVWzQhOtBMvqHzDpF6irO9z98xDceosuGiQ=
golang.org/x/tools v0.0.0-20180917221912-90fa682c2a6e/go.mod h1:n7NCudcB/nEzxVGmLbDWY5pfWTLqBcC2KZ6jyYvM4mQ=
gopkg.in/yaml.v3 v3.0.1 h1:fxVm/GzAzEWqLHuvctI91KS9hhNmmWOoWu0XTYJS7CA=
gopkg.in/yaml.v3 v3.0.1/go.mod h1:K4uyk7z7BCEPqu6E+C64Yfv1cQ7kz7rIZviUmN+EgEM=
