github.com/davecgh/go-spew v1.1.0 h1:ZDRjVQ15GmhC3fiQ8ni8+OwkZQO4DARzQgrnXU1Liz8=
github.com/disgoorg/disgo v0.9.1-0.20220502233708-70e6fa8a9b8f h1:c5T0xxL9BV1NGdFLWOXm2XTiAz4gS6Fxz4DsjJZf9qs=
github.com/disgoorg/disgo v0.9.1-0.20220502233708-70e6fa8a9b8f/go.mod h1:Cyip4bCYHD3rHgDhBPT9cLo81e9AMbDe8ocM50UNRM4=
github.com/disgoorg/disgolink/lavalink v1.6.1-0.20220502235445-476e7c6ac385 h1:EM3uTmHXi0JUX6tQBbyhkMirO0CWM7YfGeciHOpVlsw=
github.com/disgoorg/disgolink/lavalink v1.6.1-0.20220502235445-476e7c6ac385/go.mod h1:e/oo6afxnHvjkgGeJYrDazVIJEsQuWVSFahsek+K1mo=
github.com/disgoorg/log v1.2.0 h1:sqlXnu/ZKAlIlHV9IO+dbMto7/hCQ474vlIdMWk8QKo=
github.com/disgoorg/log v1.2.0/go.mod h1:3x1KDG6DI1CE2pDwi3qlwT3wlXpeHW/5rVay+1qDqOo=
github.com/disgoorg/snowflake/v2 v2.0.0 h1:+xvyyDddXmXLHmiG8SZiQ3sdZdZPbUR22fSHoqwkrOA=
github.com/disgoorg/snowflake/v2 v2.0.0/go.mod h1:SPU9c2CNn5DSyb86QcKtdZgix9osEtKrHLW4rMhfLCs=
github.com/gorilla/websocket v1.5.0 h1:PPwGk2jz7EePpoHN/+ClbZu8SPxiqlu12wZP/3sWmnc=
github.com/gorilla/websocket v1.5.0/go.mod h1:YR8l580nyteQvAITg2hZ9XVh4b55+EU/adAjf1fMHhE=
github.com/pmezard/go-difflib v1.0.0 h1:4DBwDE0NGyQoBHbLQYPwSUPoCMWR5BEzIk/f1lZbAQM=
github.com/sasha-s/go-csync v0.0.0-20210812194225-61421b77c44b h1:qYTY2tN72LhgDj2rtWG+LI6TXFl2ygFQQ4YezfVaGQE=
github.com/sasha-s/go-csync v0.0.0-20210812194225-61421b77c44b/go.mod h1:/pA7k3zsXKdjjAiUhB5CjuKib9KJGCaLvZwtxGC8U0s=
github.com/stretchr/testify v1.7.0 h1:nwc3DEeHmmLAfoZucVR881uASk0Mfjw8xYJ99tb5CcY=
gopkg.in/yaml.v3 v3.0.0-20200313102051-9f266ea9e77c h1:dUUwHk2QECo/6vqA44rthZ8ie2QXMNeKRTHCNY2nXvo=
