github.com/davecgh/go-spew v1.1.0 h1:ZDRjVQ15GmhC3fiQ8ni8+OwkZQO4DARzQgrnXU1Liz8=
github.com/disgoorg/disgo v0.13.21 h1:mapasORJIZWGMcsAxTzosIHfBlx39g2KLbY/OJlJn3A=
github.com/disgoorg/disgo v0.13.21/go.mod h1:VpRp9ifKNcQ05mgIx9l5oU4TADysXUGmNx9iHM9/DpA=
github.com/disgoorg/disgolink/lavalink v1.7.3 h1:i3wThR0CWWvabhR/HSYM8b6Ln7Ex3ZgX6Hs4VZ+ZSV0=
github.com/disgoorg/disgolink/lavalink v1.7.3/go.mod h1:e/oo6afxnHvjkgGeJYrDazVIJEsQuWVSFahsek+K1mo=
github.com/disgoorg/log v1.2.0 h1:sqlXnu/ZKAlIlHV9IO+dbMto7/hCQ474vlIdMWk8QKo=
github.com/disgoorg/log v1.2.0/go.mod h1:3x1KDG6DI1CE2pDwi3qlwT3wlXpeHW/5rVay+1qDqOo=
github.com/disgoorg/snowflake/v2 v2.0.1 h1:CuUxGLwggUxEswZOmZ+mZ5i0xSumQdXW9tXW7uGqe+0=
github.com/disgoorg/snowflake/v2 v2.0.1/go.mod h1:SPU9c2CNn5DSyb86QcKtdZgix9osEtKrHLW4rMhfLCs=
github.com/gorilla/websocket v1.5.0 h1:PPwGk2jz7EePpoHN/+ClbZu8SPxiqlu12wZP/3sWmnc=
github.com/gorilla/websocket v1.5.0/go.mod h1:YR8l580nyteQvAITg2hZ9XVh4b55+EU/adAjf1fMHhE=
github.com/pmezard/go-difflib v1.0.0 h1:4DBwDE0NGyQoBHbLQYPwSUPoCMWR5BEzIk/f1lZbAQM=
github.com/sasha-s/go-csync v0.0.0-20210812194225-61421b77c44b h1:qYTY2tN72LhgDj2rtWG+LI6TXFl2ygFQQ4YezfVaGQE=
github.com/sasha-s/go-csync v0.0.0-20210812194225-61421b77c44b/go.mod h1:/pA7k3zsXKdjjAiUhB5CjuKib9KJGCaLvZwtxGC8U0s=
github.com/stretchr/testify v1.7.0 h1:nwc3DEeHmmLAfoZucVR881uASk0Mfjw8xYJ99tb5CcY=
golang.org/x/exp v0.0.0-20221111204811-129d8d6c17ab h1:1S7USr8/C0Sgk4egxq4zZ07zYt2Xh1IiFp8hUMXH/us=
golang.org/x/exp v0.0.0-20221111204811-129d8d6c17ab/go.mod h1:CxIveKay+FTh1D0yPZemJVgC/95VzuuOLq5Qi4xnoYc=
gopkg.in/yaml.v3 v3.0.0-20200313102051-9f266ea9e77c h1:dUUwHk2QECo/6vqA44rthZ8ie2QXMNeKRTHCNY2nXvo=
